
Microsoft Visual Studio Solution File, Format Version 12.00
# Visual Studio 15
VisualStudioVersion = 15.0.26124.0
MinimumVisualStudioVersion = 15.0.26124.0
Project("{2150E333-8FDC-42A3-9474-1A3956D46DE8}") = "src", "src", "{2EFFFC51-3017-4DFA-A723-9C6E7781B15B}"
EndProject
Project("{F2A71F9B-5D33-465A-A702-920D77279786}") = "Fake.StaticGen", "src\Fake.StaticGen\Fake.StaticGen.fsproj", "{F255010D-B352-4E98-90D5-3EDC45BD3EDF}"
EndProject
Project("{F2A71F9B-5D33-465A-A702-920D77279786}") = "Fake.StaticGen.Html", "src\Fake.StaticGen.Html\Fake.StaticGen.Html.fsproj", "{CEBB3380-A33C-424D-8F20-F98F0BC93B5F}"
EndProject
Project("{F2A71F9B-5D33-465A-A702-920D77279786}") = "Fake.StaticGen.Rss", "src\Fake.StaticGen.Rss\Fake.StaticGen.Rss.fsproj", "{4FAB8FF6-AD5C-497D-88B3-68B0A00BD2D4}"
EndProject
Project("{F2A71F9B-5D33-465A-A702-920D77279786}") = "Fake.StaticGen.XmlEngine", "src\Fake.StaticGen.XmlEngine\Fake.StaticGen.XmlEngine.fsproj", "{5A032D9F-795C-421D-A6C9-0AE28F9B9746}"
EndProject
Project("{F2A71F9B-5D33-465A-A702-920D77279786}") = "Fake.StaticGen.Markdown", "src\Fake.StaticGen.Markdown\Fake.StaticGen.Markdown.fsproj", "{71FA5FA9-DE42-40B2-AA98-765746CAEBD6}"
EndProject
Project("{2150E333-8FDC-42A3-9474-1A3956D46DE8}") = "test", "test", "{E1C2443F-03EC-4BB6-8E48-D791382941E0}"
EndProject
Project("{F2A71F9B-5D33-465A-A702-920D77279786}") = "Fake.StaticGen.Test", "test\Fake.StaticGen.Test\Fake.StaticGen.Test.fsproj", "{3B945E82-9263-4342-A6A3-5752EDD8462A}"
EndProject
Global
	GlobalSection(SolutionConfigurationPlatforms) = preSolution
		Debug|Any CPU = Debug|Any CPU
		Debug|x64 = Debug|x64
		Debug|x86 = Debug|x86
		Release|Any CPU = Release|Any CPU
		Release|x64 = Release|x64
		Release|x86 = Release|x86
	EndGlobalSection
	GlobalSection(SolutionProperties) = preSolution
		HideSolutionNode = FALSE
	EndGlobalSection
	GlobalSection(ProjectConfigurationPlatforms) = postSolution
		{F255010D-B352-4E98-90D5-3EDC45BD3EDF}.Debug|Any CPU.ActiveCfg = Debug|Any CPU
		{F255010D-B352-4E98-90D5-3EDC45BD3EDF}.Debug|Any CPU.Build.0 = Debug|Any CPU
		{F255010D-B352-4E98-90D5-3EDC45BD3EDF}.Debug|x64.ActiveCfg = Debug|Any CPU
		{F255010D-B352-4E98-90D5-3EDC45BD3EDF}.Debug|x64.Build.0 = Debug|Any CPU
		{F255010D-B352-4E98-90D5-3EDC45BD3EDF}.Debug|x86.ActiveCfg = Debug|Any CPU
		{F255010D-B352-4E98-90D5-3EDC45BD3EDF}.Debug|x86.Build.0 = Debug|Any CPU
		{F255010D-B352-4E98-90D5-3EDC45BD3EDF}.Release|Any CPU.ActiveCfg = Release|Any CPU
		{F255010D-B352-4E98-90D5-3EDC45BD3EDF}.Release|Any CPU.Build.0 = Release|Any CPU
		{F255010D-B352-4E98-90D5-3EDC45BD3EDF}.Release|x64.ActiveCfg = Release|Any CPU
		{F255010D-B352-4E98-90D5-3EDC45BD3EDF}.Release|x64.Build.0 = Release|Any CPU
		{F255010D-B352-4E98-90D5-3EDC45BD3EDF}.Release|x86.ActiveCfg = Release|Any CPU
		{F255010D-B352-4E98-90D5-3EDC45BD3EDF}.Release|x86.Build.0 = Release|Any CPU
		{CEBB3380-A33C-424D-8F20-F98F0BC93B5F}.Debug|Any CPU.ActiveCfg = Debug|Any CPU
		{CEBB3380-A33C-424D-8F20-F98F0BC93B5F}.Debug|Any CPU.Build.0 = Debug|Any CPU
		{CEBB3380-A33C-424D-8F20-F98F0BC93B5F}.Debug|x64.ActiveCfg = Debug|Any CPU
		{CEBB3380-A33C-424D-8F20-F98F0BC93B5F}.Debug|x64.Build.0 = Debug|Any CPU
		{CEBB3380-A33C-424D-8F20-F98F0BC93B5F}.Debug|x86.ActiveCfg = Debug|Any CPU
		{CEBB3380-A33C-424D-8F20-F98F0BC93B5F}.Debug|x86.Build.0 = Debug|Any CPU
		{CEBB3380-A33C-424D-8F20-F98F0BC93B5F}.Release|Any CPU.ActiveCfg = Release|Any CPU
		{CEBB3380-A33C-424D-8F20-F98F0BC93B5F}.Release|Any CPU.Build.0 = Release|Any CPU
		{CEBB3380-A33C-424D-8F20-F98F0BC93B5F}.Release|x64.ActiveCfg = Release|Any CPU
		{CEBB3380-A33C-424D-8F20-F98F0BC93B5F}.Release|x64.Build.0 = Release|Any CPU
		{CEBB3380-A33C-424D-8F20-F98F0BC93B5F}.Release|x86.ActiveCfg = Release|Any CPU
		{CEBB3380-A33C-424D-8F20-F98F0BC93B5F}.Release|x86.Build.0 = Release|Any CPU
		{4FAB8FF6-AD5C-497D-88B3-68B0A00BD2D4}.Debug|Any CPU.ActiveCfg = Debug|Any CPU
		{4FAB8FF6-AD5C-497D-88B3-68B0A00BD2D4}.Debug|Any CPU.Build.0 = Debug|Any CPU
		{4FAB8FF6-AD5C-497D-88B3-68B0A00BD2D4}.Debug|x64.ActiveCfg = Debug|Any CPU
		{4FAB8FF6-AD5C-497D-88B3-68B0A00BD2D4}.Debug|x64.Build.0 = Debug|Any CPU
		{4FAB8FF6-AD5C-497D-88B3-68B0A00BD2D4}.Debug|x86.ActiveCfg = Debug|Any CPU
		{4FAB8FF6-AD5C-497D-88B3-68B0A00BD2D4}.Debug|x86.Build.0 = Debug|Any CPU
		{4FAB8FF6-AD5C-497D-88B3-68B0A00BD2D4}.Release|Any CPU.ActiveCfg = Release|Any CPU
		{4FAB8FF6-AD5C-497D-88B3-68B0A00BD2D4}.Release|Any CPU.Build.0 = Release|Any CPU
		{4FAB8FF6-AD5C-497D-88B3-68B0A00BD2D4}.Release|x64.ActiveCfg = Release|Any CPU
		{4FAB8FF6-AD5C-497D-88B3-68B0A00BD2D4}.Release|x64.Build.0 = Release|Any CPU
		{4FAB8FF6-AD5C-497D-88B3-68B0A00BD2D4}.Release|x86.ActiveCfg = Release|Any CPU
		{4FAB8FF6-AD5C-497D-88B3-68B0A00BD2D4}.Release|x86.Build.0 = Release|Any CPU
		{5A032D9F-795C-421D-A6C9-0AE28F9B9746}.Debug|Any CPU.ActiveCfg = Debug|Any CPU
		{5A032D9F-795C-421D-A6C9-0AE28F9B9746}.Debug|Any CPU.Build.0 = Debug|Any CPU
		{5A032D9F-795C-421D-A6C9-0AE28F9B9746}.Debug|x64.ActiveCfg = Debug|Any CPU
		{5A032D9F-795C-421D-A6C9-0AE28F9B9746}.Debug|x64.Build.0 = Debug|Any CPU
		{5A032D9F-795C-421D-A6C9-0AE28F9B9746}.Debug|x86.ActiveCfg = Debug|Any CPU
		{5A032D9F-795C-421D-A6C9-0AE28F9B9746}.Debug|x86.Build.0 = Debug|Any CPU
		{5A032D9F-795C-421D-A6C9-0AE28F9B9746}.Release|Any CPU.ActiveCfg = Release|Any CPU
		{5A032D9F-795C-421D-A6C9-0AE28F9B9746}.Release|Any CPU.Build.0 = Release|Any CPU
		{5A032D9F-795C-421D-A6C9-0AE28F9B9746}.Release|x64.ActiveCfg = Release|Any CPU
		{5A032D9F-795C-421D-A6C9-0AE28F9B9746}.Release|x64.Build.0 = Release|Any CPU
		{5A032D9F-795C-421D-A6C9-0AE28F9B9746}.Release|x86.ActiveCfg = Release|Any CPU
		{5A032D9F-795C-421D-A6C9-0AE28F9B9746}.Release|x86.Build.0 = Release|Any CPU
		{71FA5FA9-DE42-40B2-AA98-765746CAEBD6}.Debug|Any CPU.ActiveCfg = Debug|Any CPU
		{71FA5FA9-DE42-40B2-AA98-765746CAEBD6}.Debug|Any CPU.Build.0 = Debug|Any CPU
		{71FA5FA9-DE42-40B2-AA98-765746CAEBD6}.Debug|x64.ActiveCfg = Debug|Any CPU
		{71FA5FA9-DE42-40B2-AA98-765746CAEBD6}.Debug|x64.Build.0 = Debug|Any CPU
		{71FA5FA9-DE42-40B2-AA98-765746CAEBD6}.Debug|x86.ActiveCfg = Debug|Any CPU
		{71FA5FA9-DE42-40B2-AA98-765746CAEBD6}.Debug|x86.Build.0 = Debug|Any CPU
		{71FA5FA9-DE42-40B2-AA98-765746CAEBD6}.Release|Any CPU.ActiveCfg = Release|Any CPU
		{71FA5FA9-DE42-40B2-AA98-765746CAEBD6}.Release|Any CPU.Build.0 = Release|Any CPU
		{71FA5FA9-DE42-40B2-AA98-765746CAEBD6}.Release|x64.ActiveCfg = Release|Any CPU
		{71FA5FA9-DE42-40B2-AA98-765746CAEBD6}.Release|x64.Build.0 = Release|Any CPU
		{71FA5FA9-DE42-40B2-AA98-765746CAEBD6}.Release|x86.ActiveCfg = Release|Any CPU
		{71FA5FA9-DE42-40B2-AA98-765746CAEBD6}.Release|x86.Build.0 = Release|Any CPU
		{3B945E82-9263-4342-A6A3-5752EDD8462A}.Debug|Any CPU.ActiveCfg = Debug|Any CPU
		{3B945E82-9263-4342-A6A3-5752EDD8462A}.Debug|Any CPU.Build.0 = Debug|Any CPU
		{3B945E82-9263-4342-A6A3-5752EDD8462A}.Debug|x64.ActiveCfg = Debug|Any CPU
		{3B945E82-9263-4342-A6A3-5752EDD8462A}.Debug|x64.Build.0 = Debug|Any CPU
		{3B945E82-9263-4342-A6A3-5752EDD8462A}.Debug|x86.ActiveCfg = Debug|Any CPU
		{3B945E82-9263-4342-A6A3-5752EDD8462A}.Debug|x86.Build.0 = Debug|Any CPU
		{3B945E82-9263-4342-A6A3-5752EDD8462A}.Release|Any CPU.ActiveCfg = Release|Any CPU
		{3B945E82-9263-4342-A6A3-5752EDD8462A}.Release|Any CPU.Build.0 = Release|Any CPU
		{3B945E82-9263-4342-A6A3-5752EDD8462A}.Release|x64.ActiveCfg = Release|Any CPU
		{3B945E82-9263-4342-A6A3-5752EDD8462A}.Release|x64.Build.0 = Release|Any CPU
		{3B945E82-9263-4342-A6A3-5752EDD8462A}.Release|x86.ActiveCfg = Release|Any CPU
		{3B945E82-9263-4342-A6A3-5752EDD8462A}.Release|x86.Build.0 = Release|Any CPU
	EndGlobalSection
	GlobalSection(NestedProjects) = preSolution
		{F255010D-B352-4E98-90D5-3EDC45BD3EDF} = {2EFFFC51-3017-4DFA-A723-9C6E7781B15B}
		{CEBB3380-A33C-424D-8F20-F98F0BC93B5F} = {2EFFFC51-3017-4DFA-A723-9C6E7781B15B}
		{4FAB8FF6-AD5C-497D-88B3-68B0A00BD2D4} = {2EFFFC51-3017-4DFA-A723-9C6E7781B15B}
		{5A032D9F-795C-421D-A6C9-0AE28F9B9746} = {2EFFFC51-3017-4DFA-A723-9C6E7781B15B}
		{71FA5FA9-DE42-40B2-AA98-765746CAEBD6} = {2EFFFC51-3017-4DFA-A723-9C6E7781B15B}
		{3B945E82-9263-4342-A6A3-5752EDD8462A} = {E1C2443F-03EC-4BB6-8E48-D791382941E0}
	EndGlobalSection
EndGlobal
